// !$*UTF8*$!
{
	archiveVersion = 1;
	classes = {
	};
	objectVersion = 56;
	objects = {

/* Begin PBXBuildFile section */
		A10000000000000000000010 /* NotchSixtyApp.swift in Sources */ = {isa = PBXBuildFile; fileRef = A10000000000000000000020 /* NotchSixtyApp.swift */; };
		A10000000000000000000011 /* ContentView.swift in Sources */ = {isa = PBXBuildFile; fileRef = A10000000000000000000021 /* ContentView.swift */; };
		A10000000000000000000012 /* Assets.xcassets in Resources */ = {isa = PBXBuildFile; fileRef = A10000000000000000000022 /* Assets.xcassets */; };
		A10000000000000000000013 /* NotchSixtyTests.swift in Sources */ = {isa = PBXBuildFile; fileRef = A10000000000000000000024 /* NotchSixtyTests.swift */; };
		A10000000000000000000014 /* ConvolutionTests.swift in Sources */ = {isa = PBXBuildFile; fileRef = A10000000000000000000027 /* ConvolutionTests.swift */; };
		A10000000000000000000015 /* LiveLinearPhaseTests.swift in Sources */ = {isa = PBXBuildFile; fileRef = A10000000000000000000028 /* LiveLinearPhaseTests.swift */; };
		A20000000000000000000010 /* AudioIOEngine.swift in Sources */ = {isa = PBXBuildFile; fileRef = A20000000000000000000020 /* AudioIOEngine.swift */; };
		A20000000000000000000011 /* CoreAudioError.swift in Sources */ = {isa = PBXBuildFile; fileRef = A20000000000000000000021 /* CoreAudioError.swift */; };
		A20000000000000000000012 /* AudioOutputDevice.swift in Sources */ = {isa = PBXBuildFile; fileRef = A20000000000000000000022 /* AudioOutputDevice.swift */; };
		A20000000000000000000013 /* OutputDeviceCatalog.swift in Sources */ = {isa = PBXBuildFile; fileRef = A20000000000000000000023 /* OutputDeviceCatalog.swift */; };
		A20000000000000000000014 /* AudioRouteConfiguration.swift in Sources */ = {isa = PBXBuildFile; fileRef = A20000000000000000000024 /* AudioRouteConfiguration.swift */; };
		A20000000000000000000015 /* AudioLifecycleState.swift in Sources */ = {isa = PBXBuildFile; fileRef = A20000000000000000000025 /* AudioLifecycleState.swift */; };
		A20000000000000000000016 /* AudioDiagnosticsSnapshot.swift in Sources */ = {isa = PBXBuildFile; fileRef = A20000000000000000000026 /* AudioDiagnosticsSnapshot.swift */; };
		A30000000000000000000010 /* N60RealtimeAudioBridge.c in Sources */ = {isa = PBXBuildFile; fileRef = A30000000000000000000020 /* N60RealtimeAudioBridge.c */; };
		A30000000000000000000011 /* N60RenderKernel.c in Sources */ = {isa = PBXBuildFile; fileRef = A30000000000000000000021 /* N60RenderKernel.c */; };
		A30000000000000000000012 /* N60Convolution.c in Sources */ = {isa = PBXBuildFile; fileRef = A30000000000000000000023 /* N60Convolution.c */; };
/* End PBXBuildFile section */

/* Begin PBXContainerItemProxy section */
		A10000000000000000000030 /* PBXContainerItemProxy */ = {
			isa = PBXContainerItemProxy;
			containerPortal = A10000000000000000000001 /* Project object */;
			proxyType = 1;
			remoteGlobalIDString = A10000000000000000000002;
			remoteInfo = NotchSixty;
		};
/* End PBXContainerItemProxy section */

/* Begin PBXFileReference section */
		A10000000000000000000020 /* NotchSixtyApp.swift */ = {isa = PBXFileReference; lastKnownFileType = sourcecode.swift; path = NotchSixtyApp.swift; sourceTree = "<group>"; };
		A10000000000000000000021 /* ContentView.swift */ = {isa = PBXFileReference; lastKnownFileType = sourcecode.swift; path = ContentView.swift; sourceTree = "<group>"; };
		A10000000000000000000022 /* Assets.xcassets */ = {isa = PBXFileReference; lastKnownFileType = folder.assetcatalog; path = Assets.xcassets; sourceTree = "<group>"; };
		A10000000000000000000023 /* NotchSixty.entitlements */ = {isa = PBXFileReference; lastKnownFileType = text.plist.entitlements; path = NotchSixty.entitlements; sourceTree = "<group>"; };
		A10000000000000000000024 /* NotchSixtyTests.swift */ = {isa = PBXFileReference; lastKnownFileType = sourcecode.swift; path = NotchSixtyTests.swift; sourceTree = "<group>"; };
		A10000000000000000000025 /* Notch Sixty.app */ = {isa = PBXFileReference; explicitFileType = wrapper.application; includeInIndex = 0; path = "Notch Sixty.app"; sourceTree = BUILT_PRODUCTS_DIR; };
		A10000000000000000000026 /* NotchSixtyTests.xctest */ = {isa = PBXFileReference; explicitFileType = wrapper.cfbundle; includeInIndex = 0; path = NotchSixtyTests.xctest; sourceTree = BUILT_PRODUCTS_DIR; };
		A10000000000000000000027 /* ConvolutionTests.swift */ = {isa = PBXFileReference; lastKnownFileType = sourcecode.swift; path = ConvolutionTests.swift; sourceTree = "<group>"; };
		A10000000000000000000028 /* LiveLinearPhaseTests.swift */ = {isa = PBXFileReference; lastKnownFileType = sourcecode.swift; path = LiveLinearPhaseTests.swift; sourceTree = "<group>"; };
		A20000000000000000000020 /* AudioIOEngine.swift */ = {isa = PBXFileReference; lastKnownFileType = sourcecode.swift; path = AudioIOEngine.swift; sourceTree = "<group>"; };
		A20000000000000000000021 /* CoreAudioError.swift */ = {isa = PBXFileReference; lastKnownFileType = sourcecode.swift; path = CoreAudioError.swift; sourceTree = "<group>"; };
		A20000000000000000000022 /* AudioOutputDevice.swift */ = {isa = PBXFileReference; lastKnownFileType = sourcecode.swift; path = AudioOutputDevice.swift; sourceTree = "<group>"; };
		A20000000000000000000023 /* OutputDeviceCatalog.swift */ = {isa = PBXFileReference; lastKnownFileType = sourcecode.swift; path = OutputDeviceCatalog.swift; sourceTree = "<group>"; };
		A20000000000000000000024 /* AudioRouteConfiguration.swift */ = {isa = PBXFileReference; lastKnownFileType = sourcecode.swift; path = AudioRouteConfiguration.swift; sourceTree = "<group>"; };
		A20000000000000000000025 /* AudioLifecycleState.swift */ = {isa = PBXFileReference; lastKnownFileType = sourcecode.swift; path = AudioLifecycleState.swift; sourceTree = "<group>"; };
		A20000000000000000000026 /* AudioDiagnosticsSnapshot.swift */ = {isa = PBXFileReference; lastKnownFileType = sourcecode.swift; path = AudioDiagnosticsSnapshot.swift; sourceTree = "<group>"; };
		A30000000000000000000020 /* N60RealtimeAudioBridge.c */ = {isa = PBXFileReference; lastKnownFileType = sourcecode.c.c; path = N60RealtimeAudioBridge.c; sourceTree = "<group>"; };
		A30000000000000000000021 /* N60RenderKernel.c */ = {isa = PBXFileReference; lastKnownFileType = sourcecode.c.c; path = N60RenderKernel.c; sourceTree = "<group>"; };
		A30000000000000000000022 /* N60RenderKernel.h */ = {isa = PBXFileReference; lastKnownFileType = sourcecode.c.h; path = N60RenderKernel.h; sourceTree = "<group>"; };
		A30000000000000000000023 /* N60Convolution.c */ = {isa = PBXFileReference; lastKnownFileType = sourcecode.c.c; path = N60Convolution.c; sourceTree = "<group>"; };
		A30000000000000000000024 /* N60Convolution.h */ = {isa = PBXFileReference; lastKnownFileType = sourcecode.c.h; path = N60Convolution.h; sourceTree = "<group>"; };
/* End PBXFileReference section */

/* Begin PBXFrameworksBuildPhase section */
		A10000000000000000000040 /* Frameworks */ = {isa = PBXFrameworksBuildPhase; buildActionMask = 2147483647; files = (); runOnlyForDeploymentPostprocessing = 0; };
		A10000000000000000000041 /* Frameworks */ = {isa = PBXFrameworksBuildPhase; buildActionMask = 2147483647; files = (); runOnlyForDeploymentPostprocessing = 0; };
/* End PBXFrameworksBuildPhase section */

/* Begin PBXGroup section */
		A10000000000000000000050 = {
			isa = PBXGroup;
			children = (
				A10000000000000000000051 /* NotchSixty */,
				A10000000000000000000052 /* NotchSixtyTests */,
				A10000000000000000000053 /* Products */,
			);
			sourceTree = "<group>";
		};
		A10000000000000000000051 /* NotchSixty */ = {
			isa = PBXGroup;
			children = (
				A20000000000000000000050 /* Audio */,
				A20000000000000000000054 /* State */,
				A20000000000000000000055 /* Diagnostics */,
				A10000000000000000000020 /* NotchSixtyApp.swift */,
				A10000000000000000000021 /* ContentView.swift */,
				A10000000000000000000022 /* Assets.xcassets */,
				A10000000000000000000023 /* NotchSixty.entitlements */,
			);
			path = NotchSixty;
			sourceTree = "<group>";
		};
		A10000000000000000000052 /* NotchSixtyTests */ = {
			isa = PBXGroup;
			children = (
				A10000000000000000000024 /* NotchSixtyTests.swift */,
				A10000000000000000000027 /* ConvolutionTests.swift */,
				A10000000000000000000028 /* LiveLinearPhaseTests.swift */,
			);
			path = NotchSixtyTests;
			sourceTree = "<group>";
		};
		A10000000000000000000053 /* Products */ = {
			isa = PBXGroup;
			children = (
				A10000000000000000000025 /* Notch Sixty.app */,
				A10000000000000000000026 /* NotchSixtyTests.xctest */,
			);
			name = Products;
			sourceTree = "<group>";
		};
		A20000000000000000000050 /* Audio */ = {
			isa = PBXGroup;
			children = (
				A20000000000000000000051 /* CoreAudio */,
				A20000000000000000000052 /* Devices */,
				A20000000000000000000053 /* Routing */,
				A30000000000000000000050 /* Realtime */,
				A20000000000000000000020 /* AudioIOEngine.swift */,
			);
			path = Audio;
			sourceTree = "<group>";
		};
		A20000000000000000000051 /* CoreAudio */ = {isa = PBXGroup; children = (A20000000000000000000021 /* CoreAudioError.swift */,); path = CoreAudio; sourceTree = "<group>"; };
		A20000000000000000000052 /* Devices */ = {isa = PBXGroup; children = (A20000000000000000000022 /* AudioOutputDevice.swift */, A20000000000000000000023 /* OutputDeviceCatalog.swift */,); path = Devices; sourceTree = "<group>"; };
		A20000000000000000000053 /* Routing */ = {isa = PBXGroup; children = (A20000000000000000000024 /* AudioRouteConfiguration.swift */,); path = Routing; sourceTree = "<group>"; };
		A20000000000000000000054 /* State */ = {isa = PBXGroup; children = (A20000000000000000000025 /* AudioLifecycleState.swift */,); path = State; sourceTree = "<group>"; };
		A20000000000000000000055 /* Diagnostics */ = {isa = PBXGroup; children = (A20000000000000000000026 /* AudioDiagnosticsSnapshot.swift */,); path = Diagnostics; sourceTree = "<group>"; };
		A30000000000000000000050 /* Realtime */ = {
			isa = PBXGroup;
			children = (
				A30000000000000000000020 /* N60RealtimeAudioBridge.c */,
				A30000000000000000000021 /* N60RenderKernel.c */,
				A30000000000000000000022 /* N60RenderKernel.h */,
				A30000000000000000000023 /* N60Convolution.c */,
				A30000000000000000000024 /* N60Convolution.h */,
			);
			path = Realtime;
			sourceTree = "<group>";
		};
/* End PBXGroup section */

/* Begin PBXNativeTarget section */
		A10000000000000000000002 /* NotchSixty */ = {
			isa = PBXNativeTarget;
			buildConfigurationList = A10000000000000000000070 /* Build configuration list for PBXNativeTarget "NotchSixty" */;
			buildPhases = (A10000000000000000000042 /* Sources */, A10000000000000000000040 /* Frameworks */, A10000000000000000000044 /* Resources */,);
			buildRules = ();
			dependencies = ();
			name = NotchSixty;
			productName = "Notch Sixty";
			productReference = A10000000000000000000025 /* Notch Sixty.app */;
			productType = "com.apple.product-type.application";
		};
		A10000000000000000000003 /* NotchSixtyTests */ = {
			isa = PBXNativeTarget;
			buildConfigurationList = A10000000000000000000071 /* Build configuration list for PBXNativeTarget "NotchSixtyTests" */;
			buildPhases = (A10000000000000000000043 /* Sources */, A10000000000000000000041 /* Frameworks */, A10000000000000000000045 /* Resources */,);
			buildRules = ();
			dependencies = (A10000000000000000000031 /* PBXTargetDependency */,);
			name = NotchSixtyTests;
			productName = NotchSixtyTests;
			productReference = A10000000000000000000026 /* NotchSixtyTests.xctest */;
			productType = "com.apple.product-type.bundle.unit-test";
		};
/* End PBXNativeTarget section */

/* Begin PBXProject section */
		A10000000000000000000001 /* Project object */ = {
			isa = PBXProject;
			attributes = {
				BuildIndependentTargetsInParallel = 1;
				LastSwiftUpdateCheck = 1600;
				LastUpgradeCheck = 1600;
				TargetAttributes = {
					A10000000000000000000002 = {CreatedOnToolsVersion = 16.0;};
					A10000000000000000000003 = {CreatedOnToolsVersion = 16.0; TestTargetID = A10000000000000000000002;};
				};
			};
			buildConfigurationList = A10000000000000000000072 /* Build configuration list for PBXProject "NotchSixty" */;
			compatibilityVersion = "Xcode 14.0";
			developmentRegion = en;
			hasScannedForEncodings = 0;
			knownRegions = (en, Base,);
			mainGroup = A10000000000000000000050;
			productRefGroup = A10000000000000000000053 /* Products */;
			projectDirPath = "";
			projectRoot = "";
			targets = (A10000000000000000000002 /* NotchSixty */, A10000000000000000000003 /* NotchSixtyTests */,);
		};
/* End PBXProject section */

/* Begin PBXResourcesBuildPhase section */
		A10000000000000000000044 /* Resources */ = {isa = PBXResourcesBuildPhase; buildActionMask = 2147483647; files = (A10000000000000000000012 /* Assets.xcassets in Resources */,); runOnlyForDeploymentPostprocessing = 0; };
		A10000000000000000000045 /* Resources */ = {isa = PBXResourcesBuildPhase; buildActionMask = 2147483647; files = (); runOnlyForDeploymentPostprocessing = 0; };
/* End PBXResourcesBuildPhase section */

/* Begin PBXSourcesBuildPhase section */
		A10000000000000000000042 /* Sources */ = {
			isa = PBXSourcesBuildPhase;
			buildActionMask = 2147483647;
			files = (
				A10000000000000000000011 /* ContentView.swift in Sources */,
				A10000000000000000000010 /* NotchSixtyApp.swift in Sources */,
				A20000000000000000000010 /* AudioIOEngine.swift in Sources */,
				A20000000000000000000011 /* CoreAudioError.swift in Sources */,
				A20000000000000000000012 /* AudioOutputDevice.swift in Sources */,
				A20000000000000000000013 /* OutputDeviceCatalog.swift in Sources */,
				A20000000000000000000014 /* AudioRouteConfiguration.swift in Sources */,
				A20000000000000000000015 /* AudioLifecycleState.swift in Sources */,
				A20000000000000000000016 /* AudioDiagnosticsSnapshot.swift in Sources */,
				A30000000000000000000010 /* N60RealtimeAudioBridge.c in Sources */,
				A30000000000000000000011 /* N60RenderKernel.c in Sources */,
				A30000000000000000000012 /* N60Convolution.c in Sources */,
			);
			runOnlyForDeploymentPostprocessing = 0;
		};
		A10000000000000000000043 /* Sources */ = {
			isa = PBXSourcesBuildPhase;
			buildActionMask = 2147483647;
			files = (
				A10000000000000000000013 /* NotchSixtyTests.swift in Sources */,
				A10000000000000000000014 /* ConvolutionTests.swift in Sources */,
				A10000000000000000000015 /* LiveLinearPhaseTests.swift in Sources */,
			);
			runOnlyForDeploymentPostprocessing = 0;
		};
/* End PBXSourcesBuildPhase section */

/* Begin PBXTargetDependency section */
		A10000000000000000000031 /* PBXTargetDependency */ = {isa = PBXTargetDependency; target = A10000000000000000000002 /* NotchSixty */; targetProxy = A10000000000000000000030 /* PBXContainerItemProxy */; };
/* End PBXTargetDependency section */

/* Begin XCBuildConfiguration section */
		A10000000000000000000060 /* Debug */ = {
			isa = XCBuildConfiguration;
			buildSettings = {
				ASSETCATALOG_COMPILER_APPICON_NAME = AppIcon;
				CODE_SIGN_ENTITLEMENTS = NotchSixty/NotchSixty.entitlements;
				CODE_SIGN_STYLE = Automatic;
				CURRENT_PROJECT_VERSION = 1;
				ENABLE_APP_SANDBOX = YES;
				ENABLE_HARDENED_RUNTIME = YES;
				ENABLE_TESTABILITY = YES;
				GCC_C_LANGUAGE_STANDARD = gnu11;
				GENERATE_INFOPLIST_FILE = YES;
				INFOPLIST_KEY_CFBundleDisplayName = "Notch Sixty";
				INFOPLIST_KEY_NSAudioCaptureUsageDescription = "Notch Sixty captures system audio so it can process and play it through your selected output device.";
				MARKETING_VERSION = 1.0;
				PRODUCT_BUNDLE_IDENTIFIER = com.dhdook.NotchSixty;
				PRODUCT_MODULE_NAME = NotchSixty;
				PRODUCT_NAME = "Notch Sixty";
				SWIFT_EMIT_LOC_STRINGS = YES;
				SWIFT_OBJC_BRIDGING_HEADER = "NotchSixty/Audio/Realtime/NotchSixty-Bridging-Header.h";
				SWIFT_VERSION = 5.0;
			};
			name = Debug;
		};
		A10000000000000000000061 /* Release */ = {
			isa = XCBuildConfiguration;
			buildSettings = {
				ASSETCATALOG_COMPILER_APPICON_NAME = AppIcon;
				CODE_SIGN_ENTITLEMENTS = NotchSixty/NotchSixty.entitlements;
				CODE_SIGN_STYLE = Automatic;
				CURRENT_PROJECT_VERSION = 1;
				ENABLE_APP_SANDBOX = YES;
				ENABLE_HARDENED_RUNTIME = YES;
				GCC_C_LANGUAGE_STANDARD = gnu11;
				GENERATE_INFOPLIST_FILE = YES;
				INFOPLIST_KEY_CFBundleDisplayName = "Notch Sixty";
				INFOPLIST_KEY_NSAudioCaptureUsageDescription = "Notch Sixty captures system audio so it can process and play it through your selected output device.";
				MARKETING_VERSION = 1.0;
				PRODUCT_BUNDLE_IDENTIFIER = com.dhdook.NotchSixty;
				PRODUCT_MODULE_NAME = NotchSixty;
				PRODUCT_NAME = "Notch Sixty";
				SWIFT_EMIT_LOC_STRINGS = YES;
				SWIFT_OBJC_BRIDGING_HEADER = "NotchSixty/Audio/Realtime/NotchSixty-Bridging-Header.h";
				SWIFT_VERSION = 5.0;
			};
			name = Release;
		};
		A10000000000000000000062 /* Debug */ = {
			isa = XCBuildConfiguration;
			buildSettings = {
				BUNDLE_LOADER = "$(TEST_HOST)";
				CODE_SIGN_STYLE = Automatic;
				GENERATE_INFOPLIST_FILE = YES;
				PRODUCT_BUNDLE_IDENTIFIER = com.dhdook.NotchSixtyTests;
				PRODUCT_NAME = "$(TARGET_NAME)";
				SWIFT_VERSION = 5.0;
				TEST_HOST = "$(BUILT_PRODUCTS_DIR)/Notch Sixty.app/Contents/MacOS/Notch Sixty";
			};
			name = Debug;
		};
		A10000000000000000000063 /* Release */ = {
			isa = XCBuildConfiguration;
			buildSettings = {
				BUNDLE_LOADER = "$(TEST_HOST)";
				CODE_SIGN_STYLE = Automatic;
				GENERATE_INFOPLIST_FILE = YES;
				PRODUCT_BUNDLE_IDENTIFIER = com.dhdook.NotchSixtyTests;
				PRODUCT_NAME = "$(TARGET_NAME)";
				SWIFT_VERSION = 5.0;
				TEST_HOST = "$(BUILT_PRODUCTS_DIR)/Notch Sixty.app/Contents/MacOS/Notch Sixty";
			};
			name = Release;
		};
		A10000000000000000000064 /* Debug */ = {
			isa = XCBuildConfiguration;
			buildSettings = {
				ARCHS = arm64;
				CLANG_ENABLE_MODULES = YES;
				MACOSX_DEPLOYMENT_TARGET = 14.2;
				ONLY_ACTIVE_ARCH = YES;
				SDKROOT = macosx;
				SWIFT_ACTIVE_COMPILATION_CONDITIONS = "DEBUG $(inherited)";
				SWIFT_OPTIMIZATION_LEVEL = "-Onone";
			};
			name = Debug;
		};
		A10000000000000000000065 /* Release */ = {
			isa = XCBuildConfiguration;
			buildSettings = {
				ARCHS = arm64;
				CLANG_ENABLE_MODULES = YES;
				MACOSX_DEPLOYMENT_TARGET = 14.2;
				SDKROOT = macosx;
				SWIFT_COMPILATION_MODE = wholemodule;
			};
			name = Release;
		};
/* End XCBuildConfiguration section */

/* Begin XCConfigurationList section */
		A10000000000000000000070 /* Build configuration list for PBXNativeTarget "NotchSixty" */ = {isa = XCConfigurationList; buildConfigurations = (A10000000000000000000060 /* Debug */, A10000000000000000000061 /* Release */,); defaultConfigurationIsVisible = 0; defaultConfigurationName = Release; };
		A10000000000000000000071 /* Build configuration list for PBXNativeTarget "NotchSixtyTests" */ = {isa = XCConfigurationList; buildConfigurations = (A10000000000000000000062 /* Debug */, A10000000000000000000063 /* Release */,); defaultConfigurationIsVisible = 0; defaultConfigurationName = Release; };
		A10000000000000000000072 /* Build configuration list for PBXProject "NotchSixty" */ = {isa = XCConfigurationList; buildConfigurations = (A10000000000000000000064 /* Debug */, A10000000000000000000065 /* Release */,); defaultConfigurationIsVisible = 0; defaultConfigurationName = Release; };
/* End XCConfigurationList section */
	};
	rootObject = A10000000000000000000001 /* Project object */;
}
